// !$*UTF8*$!
{
	archiveVersion = 1;
	classes = {
	};
	objectVersion = 48;
	objects = {

/* Begin PBXBuildFile section */
		9A03942920B529AE00FBC95B /* AppDelegate.swift in Sources */ = {isa = PBXBuildFile; fileRef = 9A03942820B529AE00FBC95B /* AppDelegate.swift */; };
		9A03942B20B529AE00FBC95B /* ViewController.swift in Sources */ = {isa = PBXBuildFile; fileRef = 9A03942A20B529AE00FBC95B /* ViewController.swift */; };
		9A03942E20B529AE00FBC95B /* Main.storyboard in Resources */ = {isa = PBXBuildFile; fileRef = 9A03942C20B529AE00FBC95B /* Main.storyboard */; };
		9A03943020B529AE00FBC95B /* Assets.xcassets in Resources */ = {isa = PBXBuildFile; fileRef = 9A03942F20B529AE00FBC95B /* Assets.xcassets */; };
		9A03943320B529AE00FBC95B /* LaunchScreen.storyboard in Resources */ = {isa = PBXBuildFile; fileRef = 9A03943120B529AE00FBC95B /* LaunchScreen.storyboard */; };
/* End PBXBuildFile section */

/* Begin PBXFileReference section */
		9A03942520B529AE00FBC95B /* ViewComplexWidth.app */ = {isa = PBXFileReference; explicitFileType = wrapper.application; includeInIndex = 0; path = ViewComplexWidth.app; sourceTree = BUILT_PRODUCTS_DIR; };
		9A03942820B529AE00FBC95B /* AppDelegate.swift */ = {isa = PBXFileReference; lastKnownFileType = sourcecode.swift; path = AppDelegate.swift; sourceTree = "<group>"; };
		9A03942A20B529AE00FBC95B /* ViewController.swift */ = {isa = PBXFileReference; lastKnownFileType = sourcecode.swift; path = ViewController.swift; sourceTree = "<group>"; };
		9A03942D20B529AE00FBC95B /* Base */ = {isa = PBXFileReference; lastKnownFileType = file.storyboard; name = Base; path = Base.lproj/Main.storyboard; sourceTree = "<group>"; };
		9A03942F20B529AE00FBC95B /* Assets.xcassets */ = {isa = PBXFileReference; lastKnownFileType = folder.assetcatalog; path = Assets.xcassets; sourceTree = "<group>"; };
		9A03943220B529AE00FBC95B /* Base */ = {isa = PBXFileReference; lastKnownFileType = file.storyboard; name = Base; path = Base.lproj/LaunchScreen.storyboard; sourceTree = "<group>"; };
		9A03943420B529AE00FBC95B /* Info.plist */ = {isa = PBXFileReference; lastKnownFileType = text.plist.xml; path = Info.plist; sourceTree = "<group>"; };
/* End PBXFileReference section */

/* Begin PBXFrameworksBuildPhase section */
		9A03942220B529AE00FBC95B /* Frameworks */ = {
			isa = PBXFrameworksBuildPhase;
			buildActionMask = 2147483647;
			files = (
			);
			runOnlyForDeploymentPostprocessing = 0;
		};
/* End PBXFrameworksBuildPhase section */

/* Begin PBXGroup section */
		9A03941C20B529AD00FBC95B = {
			isa = PBXGroup;
			children = (
				9A03942720B529AE00FBC95B /* ViewComplexWidth */,
				9A03942620B529AE00FBC95B /* Products */,
			);
			sourceTree = "<group>";
		};
		9A03942620B529AE00FBC95B /* Products */ = {
			isa = PBXGroup;
			children = (
				9A03942520B529AE00FBC95B /* ViewComplexWidth.app */,
			);
			name = Products;
			sourceTree = "<group>";
		};
		9A03942720B529AE00FBC95B /* ViewComplexWidth */ = {
			isa = PBXGroup;
			children = (
				9A03942820B529AE00FBC95B /* AppDelegate.swift */,
				9A03942A20B529AE00FBC95B /* ViewController.swift */,
				9A03942C20B529AE00FBC95B /* Main.storyboard */,
				9A03942F20B529AE00FBC95B /* Assets.xcassets */,
				9A03943120B529AE00FBC95B /* LaunchScreen.storyboard */,
				9A03943420B529AE00FBC95B /* Info.plist */,
			);
			path = ViewComplexWidth;
			sourceTree = "<group>";
		};
/* End PBXGroup section */

/* Begin PBXNativeTarget section */
		9A03942420B529AE00FBC95B /* ViewComplexWidth */ = {
			isa = PBXNativeTarget;
			buildConfigurationList = 9A03943720B529AE00FBC95B /* Build configuration list for PBXNativeTarget "ViewComplexWidth" */;
			buildPhases = (
				9A03942120B529AE00FBC95B /* Sources */,
				9A03942220B529AE00FBC95B /* Frameworks */,
				9A03942320B529AE00FBC95B /* Resources */,
			);
			buildRules = (
			);
			dependencies = (
			);
			name = ViewComplexWidth;
			productName = ViewComplexWidth;
			productReference = 9A03942520B529AE00FBC95B /* ViewComplexWidth.app */;
			productType = "com.apple.product-type.application";
		};
/* End PBXNativeTarget section */

/* Begin PBXProject section */
		9A03941D20B529AD00FBC95B /* Project object */ = {
			isa = PBXProject;
			attributes = {
				LastSwiftUpdateCheck = 0920;
				LastUpgradeCheck = 0920;
				ORGANIZATIONNAME = NF;
				TargetAttributes = {
					9A03942420B529AE00FBC95B = {
						CreatedOnToolsVersion = 9.2;
						ProvisioningStyle = Automatic;
					};
				};
			};
			buildConfigurationList = 9A03942020B529AD00FBC95B /* Build configuration list for PBXProject "ViewComplexWidth" */;
			compatibilityVersion = "Xcode 8.0";
			developmentRegion = en;
			hasScannedForEncodings = 0;
			knownRegions = (
				en,
				Base,
			);
			mainGroup = 9A03941C20B529AD00FBC95B;
			productRefGroup = 9A03942620B529AE00FBC95B /* Products */;
			projectDirPath = "";
			projectRoot = "";
			targets = (
				9A03942420B529AE00FBC95B /* ViewComplexWidth */,
			);
		};
/* End PBXProject section */

/* Begin PBXResourcesBuildPhase section */
		9A03942320B529AE00FBC95B /* Resources */ = {
			isa = PBXResourcesBuildPhase;
			buildActionMask = 2147483647;
			files = (
				9A03943320B529AE00FBC95B /* LaunchScreen.storyboard in Resources */,
				9A03943020B529AE00FBC95B /* Assets.xcassets in Resources */,
				9A03942E20B529AE00FBC95B /* Main.storyboard in Resources */,
			);
			runOnlyForDeploymentPostprocessing = 0;
		};
/* End PBXResourcesBuildPhase section */

/* Begin PBXSourcesBuildPhase section */
		9A03942120B529AE00FBC95B /* Sources */ = {
			isa = PBXSourcesBuildPhase;
			buildActionMask = 2147483647;
			files = (
				9A03942B20B529AE00FBC95B /* ViewController.swift in Sources */,
				9A03942920B529AE00FBC95B /* AppDelegate.swift in Sources */,
			);
			runOnlyForDeploymentPostprocessing = 0;
		};
/* End PBXSourcesBuildPhase section */

/* Begin PBXVariantGroup section */
		9A03942C20B529AE00FBC95B /* Main.storyboard */ = {
			isa = PBXVariantGroup;
			children = (
				9A03942D20B529AE00FBC95B /* Base */,
			);
			name = Main.storyboard;
			sourceTree = "<group>";
		};
		9A03943120B529AE00FBC95B /* LaunchScreen.storyboard */ = {
			isa = PBXVariantGroup;
			children = (
				9A03943220B529AE00FBC95B /* Base */,
			);
			name = LaunchScreen.storyboard;
			sourceTree = "<group>";
		};
/* End PBXVariantGroup section */

/* Begin XCBuildConfiguration section */
		9A03943520B529AE00FBC95B /* Debug */ = {
			isa = XCBuildConfiguration;
			buildSettings = {
				ALWAYS_SEARCH_USER_PATHS = NO;
				CLANG_ANALYZER_NONNULL = YES;
				CLANG_ANALYZER_NUMBER_OBJECT_CONVERSION = YES_AGGRESSIVE;
				CLANG_CXX_LANGUAGE_STANDARD = "gnu++14";
				CLANG_CXX_LIBRARY = "libc++";
				CLANG_ENABLE_MODULES = YES;
				CLANG_ENABLE_OBJC_ARC = YES;
				CLANG_WARN_BLOCK_CAPTURE_AUTORELEASING = YES;
				CLANG_WARN_BOOL_CONVERSION = YES;
				CLANG_WARN_COMMA = YES;
				CLANG_WARN_CONSTANT_CONVERSION = YES;
				CLANG_WARN_DIRECT_OBJC_ISA_USAGE = YES_ERROR;
				CLANG_WARN_DOCUMENTATION_COMMENTS = YES;
				CLANG_WARN_EMPTY_BODY = YES;
				CLANG_WARN_ENUM_CONVERSION = YES;
				CLANG_WARN_INFINITE_RECURSION = YES;
				CLANG_WARN_INT_CONVERSION = YES;
				CLANG_WARN_NON_LITERAL_NULL_CONVERSION = YES;
				CLANG_WARN_OBJC_LITERAL_CONVERSION = YES;
				CLANG_WARN_OBJC_ROOT_CLASS = YES_ERROR;
				CLANG_WARN_RANGE_LOOP_ANALYSIS = YES;
				CLANG_WARN_STRICT_PROTOTYPES = YES;
				CLANG_WARN_SUSPICIOUS_MOVE = YES;
				CLANG_WARN_UNGUARDED_AVAILABILITY = YES_AGGRESSIVE;
				CLANG_WARN_UNREACHABLE_CODE = YES;
				CLANG_WARN__DUPLICATE_METHOD_MATCH = YES;
				CODE_SIGN_IDENTITY = "iPhone Developer";
				COPY_PHASE_STRIP = NO;
				DEBUG_INFORMATION_FORMAT = dwarf;
				ENABLE_STRICT_OBJC_MSGSEND = YES;
				ENABLE_TESTABILITY = YES;
				GCC_C_LANGUAGE_STANDARD = gnu11;
				GCC_DYNAMIC_NO_PIC = NO;
				GCC_NO_COMMON_BLOCKS = YES;
				GCC_OPTIMIZATION_LEVEL = 0;
				GCC_PREPROCESSOR_DEFINITIONS = (
					"DEBUG=1",
					"$(inherited)",
				);
				GCC_WARN_64_TO_32_BIT_CONVERSION = YES;
				GCC_WARN_ABOUT_RETURN_TYPE = YES_ERROR;
				GCC_WARN_UNDECLARED_SELECTOR = YES;
				GCC_WARN_UNINITIALIZED_AUTOS = YES_AGGRESSIVE;
				GCC_WARN_UNUSED_FUNCTION = YES;
				GCC_WARN_UNUSED_VARIABLE = YES;
				IPHONEOS_DEPLOYMENT_TARGET = 11.2;
				MTL_ENABLE_DEBUG_INFO = YES;
				ONLY_ACTIVE_ARCH = YES;
				SDKROOT = iphoneos;
				SWIFT_ACTIVE_COMPILATION_CONDITIONS = DEBUG;
				SWIFT_OPTIMIZATION_LEVEL = "-Onone";
			};
			name = Debug;
		};
		9A03943620B529AE00FBC95B /* Release */ = {
			isa = XCBuildConfiguration;
			buildSettings = {
				ALWAYS_SEARCH_USER_PATHS = NO;
				CLANG_ANALYZER_NONNULL = YES;
				CLANG_ANALYZER_NUMBER_OBJECT_CONVERSION = YES_AGGRESSIVE;
				CLANG_CXX_LANGUAGE_STANDARD = "gnu++14";
				CLANG_CXX_LIBRARY = "libc++";
				CLANG_ENABLE_MODULES = YES;
				CLANG_ENABLE_OBJC_ARC = YES;
				CLANG_WARN_BLOCK_CAPTURE_AUTORELEASING = YES;
				CLANG_WARN_BOOL_CONVERSION = YES;
				CLANG_WARN_COMMA = YES;
				CLANG_WARN_CONSTANT_CONVERSION = YES;
				CLANG_WARN_DIRECT_OBJC_ISA_USAGE = YES_ERROR;
				CLANG_WARN_DOCUMENTATION_COMMENTS = YES;
				CLANG_WARN_EMPTY_BODY = YES;
				CLANG_WARN_ENUM_CONVERSION = YES;
				CLANG_WARN_INFINITE_RECURSION = YES;
				CLANG_WARN_INT_CONVERSION = YES;
				CLANG_WARN_NON_LITERAL_NULL_CONVERSION = YES;
				CLANG_WARN_OBJC_LITERAL_CONVERSION = YES;
				CLANG_WARN_OBJC_ROOT_CLASS = YES_ERROR;
				CLANG_WARN_RANGE_LOOP_ANALYSIS = YES;
				CLANG_WARN_STRICT_PROTOTYPES = YES;
				CLANG_WARN_SUSPICIOUS_MOVE = YES;
				CLANG_WARN_UNGUARDED_AVAILABILITY = YES_AGGRESSIVE;
				CLANG_WARN_UNREACHABLE_CODE = YES;
				CLANG_WARN__DUPLICATE_METHOD_MATCH = YES;
				CODE_SIGN_IDENTITY = "iPhone Developer";
				COPY_PHASE_STRIP = NO;
				DEBUG_INFORMATION_FORMAT = "dwarf-with-dsym";
				ENABLE_NS_ASSERTIONS = NO;
				ENABLE_STRICT_OBJC_MSGSEND = YES;
				GCC_C_LANGUAGE_STANDARD = gnu11;
				GCC_NO_COMMON_BLOCKS = YES;
				GCC_WARN_64_TO_32_BIT_CONVERSION = YES;
				GCC_WARN_ABOUT_RETURN_TYPE = YES_ERROR;
				GCC_WARN_UNDECLARED_SELECTOR = YES;
				GCC_WARN_UNINITIALIZED_AUTOS = YES_AGGRESSIVE;
				GCC_WARN_UNUSED_FUNCTION = YES;
				GCC_WARN_UNUSED_VARIABLE = YES;
				IPHONEOS_DEPLOYMENT_TARGET = 11.2;
				MTL_ENABLE_DEBUG_INFO = NO;
				SDKROOT = iphoneos;
				SWIFT_OPTIMIZATION_LEVEL = "-Owholemodule";
				VALIDATE_PRODUCT = YES;
			};
			name = Release;
		};
		9A03943820B529AE00FBC95B /* Debug */ = {
			isa = XCBuildConfiguration;
			buildSettings = {
				ASSETCATALOG_COMPILER_APPICON_NAME = AppIcon;
				CODE_SIGN_STYLE = Automatic;
				DEVELOPMENT_TEAM = 3Y3Z2Z567H;
				INFOPLIST_FILE = ViewComplexWidth/Info.plist;
				LD_RUNPATH_SEARCH_PATHS = "$(inherited) @executable_path/Frameworks";
				PRODUCT_BUNDLE_IDENTIFIER = kr.ac.sogang.minseokKang.ViewComplexWidth;
				PRODUCT_NAME = "$(TARGET_NAME)";
				SWIFT_VERSION = 4.0;
				TARGETED_DEVICE_FAMILY = "1,2";
			};
			name = Debug;
		};
		9A03943920B529AE00FBC95B /* Release */ = {
			isa = XCBuildConfiguration;
			buildSettings = {
				ASSETCATALOG_COMPILER_APPICON_NAME = AppIcon;
				CODE_SIGN_STYLE = Automatic;
				DEVELOPMENT_TEAM = 3Y3Z2Z567H;
				INFOPLIST_FILE = ViewComplexWidth/Info.plist;
				LD_RUNPATH_SEARCH_PATHS = "$(inherited) @executable_path/Frameworks";
				PRODUCT_BUNDLE_IDENTIFIER = kr.ac.sogang.minseokKang.ViewComplexWidth;
				PRODUCT_NAME = "$(TARGET_NAME)";
				SWIFT_VERSION = 4.0;
				TARGETED_DEVICE_FAMILY = "1,2";
			};
			name = Release;
		};
/* End XCBuildConfiguration section */

/* Begin XCConfigurationList section */
		9A03942020B529AD00FBC95B /* Build configuration list for PBXProject "ViewComplexWidth" */ = {
			isa = XCConfigurationList;
			buildConfigurations = (
				9A03943520B529AE00FBC95B /* Debug */,
				9A03943620B529AE00FBC95B /* Release */,
			);
			defaultConfigurationIsVisible = 0;
			defaultConfigurationName = Release;
		};
		9A03943720B529AE00FBC95B /* Build configuration list for PBXNativeTarget "ViewComplexWidth" */ = {
			isa = XCConfigurationList;
			buildConfigurations = (
				9A03943820B529AE00FBC95B /* Debug */,
				9A03943920B529AE00FBC95B /* Release */,
			);
			defaultConfigurationIsVisible = 0;
			defaultConfigurationName = Release;
		};
/* End XCConfigurationList section */
	};
	rootObject = 9A03941D20B529AD00FBC95B /* Project object */;
}
